
Microsoft Visual Studio Solution File, Format Version 12.00
# Visual Studio Version 17
VisualStudioVersion = 17.0.32112.339
MinimumVisualStudioVersion = 10.0.40219.1
Project("{FAE04EC0-301F-11D3-BF4B-00C04F79EFBC}") = "ShopStore.API", "ShopStore.API\ShopStore.API.csproj", "{0AA61623-50C5-4C6B-B89D-AD9B66AF04A4}"
EndProject
Project("{FAE04EC0-301F-11D3-BF4B-00C04F79EFBC}") = "ShopStore.Domain", "ShopStore.Domain\ShopStore.Domain.csproj", "{8385B609-C13A-4934-B0B0-DA3EF2ABFA91}"
EndProject
Project("{FAE04EC0-301F-11D3-BF4B-00C04F79EFBC}") = "ShopStore.Application", "ShopStore.Application\ShopStore.Application.csproj", "{53F75FEF-335C-4DC7-96BE-5ABD5CD0A30B}"
EndProject
Project("{FAE04EC0-301F-11D3-BF4B-00C04F79EFBC}") = "ShopStore.Repository", "ShopStore.Repository\ShopStore.Repository.csproj", "{A62172D4-6DA1-4296-AE93-8226F5E80B9E}"
EndProject
Global
	GlobalSection(SolutionConfigurationPlatforms) = preSolution
		Debug|Any CPU = Debug|Any CPU
		Release|Any CPU = Release|Any CPU
	EndGlobalSection
	GlobalSection(ProjectConfigurationPlatforms) = postSolution
		{0AA61623-50C5-4C6B-B89D-AD9B66AF04A4}.Debug|Any CPU.ActiveCfg = Debug|Any CPU
		{0AA61623-50C5-4C6B-B89D-AD9B66AF04A4}.Debug|Any CPU.Build.0 = Debug|Any CPU
		{0AA61623-50C5-4C6B-B89D-AD9B66AF04A4}.Release|Any CPU.ActiveCfg = Release|Any CPU
		{0AA61623-50C5-4C6B-B89D-AD9B66AF04A4}.Release|Any CPU.Build.0 = Release|Any CPU
		{8385B609-C13A-4934-B0B0-DA3EF2ABFA91}.Debug|Any CPU.ActiveCfg = Debug|Any CPU
		{8385B609-C13A-4934-B0B0-DA3EF2ABFA91}.Debug|Any CPU.Build.0 = Debug|Any CPU
		{8385B609-C13A-4934-B0B0-DA3EF2ABFA91}.Release|Any CPU.ActiveCfg = Release|Any CPU
		{8385B609-C13A-4934-B0B0-DA3EF2ABFA91}.Release|Any CPU.Build.0 = Release|Any CPU
		{53F75FEF-335C-4DC7-96BE-5ABD5CD0A30B}.Debug|Any CPU.ActiveCfg = Debug|Any CPU
		{53F75FEF-335C-4DC7-96BE-5ABD5CD0A30B}.Debug|Any CPU.Build.0 = Debug|Any CPU
		{53F75FEF-335C-4DC7-96BE-5ABD5CD0A30B}.Release|Any CPU.ActiveCfg = Release|Any CPU
		{53F75FEF-335C-4DC7-96BE-5ABD5CD0A30B}.Release|Any CPU.Build.0 = Release|Any CPU
		{A62172D4-6DA1-4296-AE93-8226F5E80B9E}.Debug|Any CPU.ActiveCfg = Debug|Any CPU
		{A62172D4-6DA1-4296-AE93-8226F5E80B9E}.Debug|Any CPU.Build.0 = Debug|Any CPU
		{A62172D4-6DA1-4296-AE93-8226F5E80B9E}.Release|Any CPU.ActiveCfg = Release|Any CPU
		{A62172D4-6DA1-4296-AE93-8226F5E80B9E}.Release|Any CPU.Build.0 = Release|Any CPU
	EndGlobalSection
	GlobalSection(SolutionProperties) = preSolution
		HideSolutionNode = FALSE
	EndGlobalSection
	GlobalSection(ExtensibilityGlobals) = postSolution
		SolutionGuid = {BA3D67D8-6E25-427E-8999-48F03F061C41}
	EndGlobalSection
EndGlobal
